
Microsoft Visual Studio Solution File, Format Version 11.00
# Visual Studio 2010
Project("{2150E333-8FDC-42A3-9474-1A3956D46DE8}") = "Solution Items", "Solution Items", "{F1F9A236-443B-448C-A09E-283ABB4F0CCF}"
	ProjectSection(SolutionItems) = preProject
		BabelServices.vsmdi = BabelServices.vsmdi
		LocalTestRun.testrunconfig = LocalTestRun.testrunconfig
	EndProjectSection
EndProject
Project("{FAE04EC0-301F-11D3-BF4B-00C04F79EFBC}") = "Babel.Services.Persistence", "Babel.Services.Persistence\Babel.Services.Persistence.csproj", "{4557ED77-5DA2-43D2-9482-F4C64EBD1D0C}"
EndProject
Project("{FAE04EC0-301F-11D3-BF4B-00C04F79EFBC}") = "Babel.Services.Application", "Babel.Services.Application\Babel.Services.Application.csproj", "{1506CF9C-ACF9-4B47-A31A-D5697BD59DFC}"
EndProject
Project("{FAE04EC0-301F-11D3-BF4B-00C04F79EFBC}") = "Babel.Services.UnitTests", "Babel.Services.UnitTests\Babel.Services.UnitTests.csproj", "{18EAFAAF-A440-4C53-8863-3376ADECC4BD}"
EndProject
Project("{FAE04EC0-301F-11D3-BF4B-00C04F79EFBC}") = "Babel.Services.Library", "Babel.Services.Library\Babel.Services.Library.csproj", "{051C2A55-9A9B-4F63-ABAB-0AE3A945DBBA}"
EndProject
Project("{FAE04EC0-301F-11D3-BF4B-00C04F79EFBC}") = "Babel.Services.TestClient", "Babel.Services.TestClient\Babel.Services.TestClient.csproj", "{CA2744CE-8F82-4A0E-8479-FE3877624B7F}"
EndProject
Project("{2150E333-8FDC-42A3-9474-1A3956D46DE8}") = "External Libraries", "External Libraries", "{4A9331E1-6EE5-4765-B65A-A565E345BDBF}"
EndProject
Project("{2150E333-8FDC-42A3-9474-1A3956D46DE8}") = "NHibernate", "NHibernate", "{5C3EA941-E6B9-456C-B886-CE140120ADAC}"
EndProject
Project("{2150E333-8FDC-42A3-9474-1A3956D46DE8}") = "Required", "Required", "{71C7731B-4547-45A7-B4D2-2BE2BFAC3B59}"
	ProjectSection(SolutionItems) = preProject
		ExternalLibraries\NHibernate\Required\Antlr3.Runtime.dll = ExternalLibraries\NHibernate\Required\Antlr3.Runtime.dll
		ExternalLibraries\NHibernate\Required\Iesi.Collections.dll = ExternalLibraries\NHibernate\Required\Iesi.Collections.dll
		ExternalLibraries\NHibernate\Required\Iesi.Collections.xml = ExternalLibraries\NHibernate\Required\Iesi.Collections.xml
		ExternalLibraries\NHibernate\Required\log4net.dll = ExternalLibraries\NHibernate\Required\log4net.dll
		ExternalLibraries\NHibernate\Required\log4net.license.txt = ExternalLibraries\NHibernate\Required\log4net.license.txt
		ExternalLibraries\NHibernate\Required\log4net.xml = ExternalLibraries\NHibernate\Required\log4net.xml
		ExternalLibraries\NHibernate\Required\nhibernate-configuration.xsd = ExternalLibraries\NHibernate\Required\nhibernate-configuration.xsd
		ExternalLibraries\NHibernate\Required\nhibernate-mapping.xsd = ExternalLibraries\NHibernate\Required\nhibernate-mapping.xsd
		ExternalLibraries\NHibernate\Required\NHibernate.dll = ExternalLibraries\NHibernate\Required\NHibernate.dll
		ExternalLibraries\NHibernate\Required\NHibernate.xml = ExternalLibraries\NHibernate\Required\NHibernate.xml
	EndProjectSection
EndProject
Project("{2150E333-8FDC-42A3-9474-1A3956D46DE8}") = "LazyLoading", "LazyLoading", "{A99657C1-13A0-4B09-AC7E-04E4A11A9CCE}"
EndProject
Project("{2150E333-8FDC-42A3-9474-1A3956D46DE8}") = "Castle", "Castle", "{B8516CEA-00EC-49F3-928B-4D3509B156D6}"
	ProjectSection(SolutionItems) = preProject
		ExternalLibraries\NHibernate\LazyLoading\Castle\Castle.Core.dll = ExternalLibraries\NHibernate\LazyLoading\Castle\Castle.Core.dll
		ExternalLibraries\NHibernate\LazyLoading\Castle\Castle.Core.xml = ExternalLibraries\NHibernate\LazyLoading\Castle\Castle.Core.xml
		ExternalLibraries\NHibernate\LazyLoading\Castle\Castle.DynamicProxy.license.txt = ExternalLibraries\NHibernate\LazyLoading\Castle\Castle.DynamicProxy.license.txt
		ExternalLibraries\NHibernate\LazyLoading\Castle\Castle.DynamicProxy2.dll = ExternalLibraries\NHibernate\LazyLoading\Castle\Castle.DynamicProxy2.dll
		ExternalLibraries\NHibernate\LazyLoading\Castle\Castle.DynamicProxy2.xml = ExternalLibraries\NHibernate\LazyLoading\Castle\Castle.DynamicProxy2.xml
		ExternalLibraries\NHibernate\LazyLoading\Castle\NHibernate.ByteCode.Castle.dll = ExternalLibraries\NHibernate\LazyLoading\Castle\NHibernate.ByteCode.Castle.dll
		ExternalLibraries\NHibernate\LazyLoading\Castle\NHibernate.ByteCode.Castle.xml = ExternalLibraries\NHibernate\LazyLoading\Castle\NHibernate.ByteCode.Castle.xml
	EndProjectSection
EndProject
Project("{2150E333-8FDC-42A3-9474-1A3956D46DE8}") = "LinFu", "LinFu", "{1D8A057F-5E98-4B7A-B874-4C6BCD6ADE56}"
	ProjectSection(SolutionItems) = preProject
		ExternalLibraries\NHibernate\LazyLoading\LinFu\LinFu.DynamicProxy.dll = ExternalLibraries\NHibernate\LazyLoading\LinFu\LinFu.DynamicProxy.dll
		ExternalLibraries\NHibernate\LazyLoading\LinFu\LinFu.License.txt = ExternalLibraries\NHibernate\LazyLoading\LinFu\LinFu.License.txt
		ExternalLibraries\NHibernate\LazyLoading\LinFu\NHibernate.ByteCode.LinFu.dll = ExternalLibraries\NHibernate\LazyLoading\LinFu\NHibernate.ByteCode.LinFu.dll
		ExternalLibraries\NHibernate\LazyLoading\LinFu\NHibernate.ByteCode.LinFu.xml = ExternalLibraries\NHibernate\LazyLoading\LinFu\NHibernate.ByteCode.LinFu.xml
	EndProjectSection
EndProject
Project("{2150E333-8FDC-42A3-9474-1A3956D46DE8}") = "Spring", "Spring", "{B082CEA8-094D-44B7-AC81-FBDCCA010F4B}"
	ProjectSection(SolutionItems) = preProject
		ExternalLibraries\NHibernate\LazyLoading\Spring\antlr.runtime.dll = ExternalLibraries\NHibernate\LazyLoading\Spring\antlr.runtime.dll
		ExternalLibraries\NHibernate\LazyLoading\Spring\Common.Logging.dll = ExternalLibraries\NHibernate\LazyLoading\Spring\Common.Logging.dll
		ExternalLibraries\NHibernate\LazyLoading\Spring\NHibernate.ByteCode.Spring.dll = ExternalLibraries\NHibernate\LazyLoading\Spring\NHibernate.ByteCode.Spring.dll
		ExternalLibraries\NHibernate\LazyLoading\Spring\NHibernate.ByteCode.Spring.xml = ExternalLibraries\NHibernate\LazyLoading\Spring\NHibernate.ByteCode.Spring.xml
		ExternalLibraries\NHibernate\LazyLoading\Spring\Spring.Aop.dll = ExternalLibraries\NHibernate\LazyLoading\Spring\Spring.Aop.dll
		ExternalLibraries\NHibernate\LazyLoading\Spring\Spring.Aop.xml = ExternalLibraries\NHibernate\LazyLoading\Spring\Spring.Aop.xml
		ExternalLibraries\NHibernate\LazyLoading\Spring\Spring.Core.dll = ExternalLibraries\NHibernate\LazyLoading\Spring\Spring.Core.dll
		ExternalLibraries\NHibernate\LazyLoading\Spring\Spring.Core.xml = ExternalLibraries\NHibernate\LazyLoading\Spring\Spring.Core.xml
	EndProjectSection
EndProject
Global
	GlobalSection(TestCaseManagementSettings) = postSolution
		CategoryFile = BabelServices.vsmdi
	EndGlobalSection
	GlobalSection(SolutionConfigurationPlatforms) = preSolution
		Debug|Any CPU = Debug|Any CPU
		Release|Any CPU = Release|Any CPU
	EndGlobalSection
	GlobalSection(ProjectConfigurationPlatforms) = postSolution
		{4557ED77-5DA2-43D2-9482-F4C64EBD1D0C}.Debug|Any CPU.ActiveCfg = Debug|Any CPU
		{4557ED77-5DA2-43D2-9482-F4C64EBD1D0C}.Debug|Any CPU.Build.0 = Debug|Any CPU
		{4557ED77-5DA2-43D2-9482-F4C64EBD1D0C}.Release|Any CPU.ActiveCfg = Release|Any CPU
		{4557ED77-5DA2-43D2-9482-F4C64EBD1D0C}.Release|Any CPU.Build.0 = Release|Any CPU
		{1506CF9C-ACF9-4B47-A31A-D5697BD59DFC}.Debug|Any CPU.ActiveCfg = Debug|Any CPU
		{1506CF9C-ACF9-4B47-A31A-D5697BD59DFC}.Debug|Any CPU.Build.0 = Debug|Any CPU
		{1506CF9C-ACF9-4B47-A31A-D5697BD59DFC}.Release|Any CPU.ActiveCfg = Release|Any CPU
		{1506CF9C-ACF9-4B47-A31A-D5697BD59DFC}.Release|Any CPU.Build.0 = Release|Any CPU
		{18EAFAAF-A440-4C53-8863-3376ADECC4BD}.Debug|Any CPU.ActiveCfg = Debug|Any CPU
		{18EAFAAF-A440-4C53-8863-3376ADECC4BD}.Debug|Any CPU.Build.0 = Debug|Any CPU
		{18EAFAAF-A440-4C53-8863-3376ADECC4BD}.Release|Any CPU.ActiveCfg = Release|Any CPU
		{18EAFAAF-A440-4C53-8863-3376ADECC4BD}.Release|Any CPU.Build.0 = Release|Any CPU
		{051C2A55-9A9B-4F63-ABAB-0AE3A945DBBA}.Debug|Any CPU.ActiveCfg = Debug|Any CPU
		{051C2A55-9A9B-4F63-ABAB-0AE3A945DBBA}.Debug|Any CPU.Build.0 = Debug|Any CPU
		{051C2A55-9A9B-4F63-ABAB-0AE3A945DBBA}.Release|Any CPU.ActiveCfg = Release|Any CPU
		{051C2A55-9A9B-4F63-ABAB-0AE3A945DBBA}.Release|Any CPU.Build.0 = Release|Any CPU
		{CA2744CE-8F82-4A0E-8479-FE3877624B7F}.Debug|Any CPU.ActiveCfg = Debug|Any CPU
		{CA2744CE-8F82-4A0E-8479-FE3877624B7F}.Debug|Any CPU.Build.0 = Debug|Any CPU
		{CA2744CE-8F82-4A0E-8479-FE3877624B7F}.Release|Any CPU.ActiveCfg = Release|Any CPU
		{CA2744CE-8F82-4A0E-8479-FE3877624B7F}.Release|Any CPU.Build.0 = Release|Any CPU
	EndGlobalSection
	GlobalSection(SolutionProperties) = preSolution
		HideSolutionNode = FALSE
	EndGlobalSection
	GlobalSection(NestedProjects) = preSolution
		{5C3EA941-E6B9-456C-B886-CE140120ADAC} = {4A9331E1-6EE5-4765-B65A-A565E345BDBF}
		{71C7731B-4547-45A7-B4D2-2BE2BFAC3B59} = {5C3EA941-E6B9-456C-B886-CE140120ADAC}
		{A99657C1-13A0-4B09-AC7E-04E4A11A9CCE} = {5C3EA941-E6B9-456C-B886-CE140120ADAC}
		{B8516CEA-00EC-49F3-928B-4D3509B156D6} = {A99657C1-13A0-4B09-AC7E-04E4A11A9CCE}
		{1D8A057F-5E98-4B7A-B874-4C6BCD6ADE56} = {A99657C1-13A0-4B09-AC7E-04E4A11A9CCE}
		{B082CEA8-094D-44B7-AC81-FBDCCA010F4B} = {A99657C1-13A0-4B09-AC7E-04E4A11A9CCE}
	EndGlobalSection
EndGlobal
