
Microsoft Visual Studio Solution File, Format Version 11.00
# Visual Studio 2010
Project("{FAE04EC0-301F-11D3-BF4B-00C04F79EFBC}") = "Babylon.Services.Tests", "Babylon.Services.Tests\Babylon.Services.Tests.csproj", "{5FCFDBB0-ED3D-433C-95EC-400DA8A1EABD}"
EndProject
Project("{FAE04EC0-301F-11D3-BF4B-00C04F79EFBC}") = "Babylon.Site", "Babylon.Site\Babylon.Site.csproj", "{933F6526-326C-4FB4-9C97-3432F64D9847}"
EndProject
Project("{FAE04EC0-301F-11D3-BF4B-00C04F79EFBC}") = "Babylon.Services.References", "Babylon.Services.References\Babylon.Services.References.csproj", "{98A21CD8-05E4-400E-8F1E-51AB8600B4A6}"
EndProject
Global
	GlobalSection(SubversionScc) = preSolution
		Svn-Managed = True
		Manager = AnkhSVN - Subversion Support for Visual Studio
	EndGlobalSection
	GlobalSection(SolutionConfigurationPlatforms) = preSolution
		Debug|Any CPU = Debug|Any CPU
		Debug|Mixed Platforms = Debug|Mixed Platforms
		Debug|x86 = Debug|x86
		Release|Any CPU = Release|Any CPU
		Release|Mixed Platforms = Release|Mixed Platforms
		Release|x86 = Release|x86
	EndGlobalSection
	GlobalSection(ProjectConfigurationPlatforms) = postSolution
		{5FCFDBB0-ED3D-433C-95EC-400DA8A1EABD}.Debug|Any CPU.ActiveCfg = Debug|x86
		{5FCFDBB0-ED3D-433C-95EC-400DA8A1EABD}.Debug|Mixed Platforms.ActiveCfg = Debug|x86
		{5FCFDBB0-ED3D-433C-95EC-400DA8A1EABD}.Debug|Mixed Platforms.Build.0 = Debug|x86
		{5FCFDBB0-ED3D-433C-95EC-400DA8A1EABD}.Debug|x86.ActiveCfg = Debug|x86
		{5FCFDBB0-ED3D-433C-95EC-400DA8A1EABD}.Debug|x86.Build.0 = Debug|x86
		{5FCFDBB0-ED3D-433C-95EC-400DA8A1EABD}.Release|Any CPU.ActiveCfg = Release|x86
		{5FCFDBB0-ED3D-433C-95EC-400DA8A1EABD}.Release|Mixed Platforms.ActiveCfg = Release|x86
		{5FCFDBB0-ED3D-433C-95EC-400DA8A1EABD}.Release|Mixed Platforms.Build.0 = Release|x86
		{5FCFDBB0-ED3D-433C-95EC-400DA8A1EABD}.Release|x86.ActiveCfg = Release|x86
		{5FCFDBB0-ED3D-433C-95EC-400DA8A1EABD}.Release|x86.Build.0 = Release|x86
		{933F6526-326C-4FB4-9C97-3432F64D9847}.Debug|Any CPU.ActiveCfg = Debug|Any CPU
		{933F6526-326C-4FB4-9C97-3432F64D9847}.Debug|Any CPU.Build.0 = Debug|Any CPU
		{933F6526-326C-4FB4-9C97-3432F64D9847}.Debug|Mixed Platforms.ActiveCfg = Debug|Any CPU
		{933F6526-326C-4FB4-9C97-3432F64D9847}.Debug|Mixed Platforms.Build.0 = Debug|Any CPU
		{933F6526-326C-4FB4-9C97-3432F64D9847}.Debug|x86.ActiveCfg = Debug|Any CPU
		{933F6526-326C-4FB4-9C97-3432F64D9847}.Release|Any CPU.ActiveCfg = Release|Any CPU
		{933F6526-326C-4FB4-9C97-3432F64D9847}.Release|Any CPU.Build.0 = Release|Any CPU
		{933F6526-326C-4FB4-9C97-3432F64D9847}.Release|Mixed Platforms.ActiveCfg = Release|Any CPU
		{933F6526-326C-4FB4-9C97-3432F64D9847}.Release|Mixed Platforms.Build.0 = Release|Any CPU
		{933F6526-326C-4FB4-9C97-3432F64D9847}.Release|x86.ActiveCfg = Release|Any CPU
		{98A21CD8-05E4-400E-8F1E-51AB8600B4A6}.Debug|Any CPU.ActiveCfg = Debug|Any CPU
		{98A21CD8-05E4-400E-8F1E-51AB8600B4A6}.Debug|Any CPU.Build.0 = Debug|Any CPU
		{98A21CD8-05E4-400E-8F1E-51AB8600B4A6}.Debug|Mixed Platforms.ActiveCfg = Debug|Any CPU
		{98A21CD8-05E4-400E-8F1E-51AB8600B4A6}.Debug|Mixed Platforms.Build.0 = Debug|Any CPU
		{98A21CD8-05E4-400E-8F1E-51AB8600B4A6}.Debug|x86.ActiveCfg = Debug|Any CPU
		{98A21CD8-05E4-400E-8F1E-51AB8600B4A6}.Release|Any CPU.ActiveCfg = Release|Any CPU
		{98A21CD8-05E4-400E-8F1E-51AB8600B4A6}.Release|Any CPU.Build.0 = Release|Any CPU
		{98A21CD8-05E4-400E-8F1E-51AB8600B4A6}.Release|Mixed Platforms.ActiveCfg = Release|Any CPU
		{98A21CD8-05E4-400E-8F1E-51AB8600B4A6}.Release|Mixed Platforms.Build.0 = Release|Any CPU
		{98A21CD8-05E4-400E-8F1E-51AB8600B4A6}.Release|x86.ActiveCfg = Release|Any CPU
	EndGlobalSection
	GlobalSection(SolutionProperties) = preSolution
		HideSolutionNode = FALSE
	EndGlobalSection
EndGlobal
